// !$*UTF8*$!
{
	archiveVersion = 1;
	classes = {
	};
	objectVersion = 46;
	objects = {

/* Begin PBXBuildFile section */
		824937B51DDBF42C00ACACBD /* Home.storyboard in Resources */ = {isa = PBXBuildFile; fileRef = 824937B31DDBF42C00ACACBD /* Home.storyboard */; };
		824937B81DDBF4AB00ACACBD /* Live.storyboard in Resources */ = {isa = PBXBuildFile; fileRef = 824937B61DDBF4AB00ACACBD /* Live.storyboard */; };
		824937BB1DDBF4ED00ACACBD /* Follow.storyboard in Resources */ = {isa = PBXBuildFile; fileRef = 824937B91DDBF4ED00ACACBD /* Follow.storyboard */; };
		824937BE1DDBF50A00ACACBD /* Profile.storyboard in Resources */ = {isa = PBXBuildFile; fileRef = 824937BC1DDBF50A00ACACBD /* Profile.storyboard */; };
		824937D11DDBFA7600ACACBD /* MainViewController.swift in Sources */ = {isa = PBXBuildFile; fileRef = 824937D01DDBFA7600ACACBD /* MainViewController.swift */; };
		824937D31DDBFAB400ACACBD /* HomeViewController.swift in Sources */ = {isa = PBXBuildFile; fileRef = 824937D21DDBFAB400ACACBD /* HomeViewController.swift */; };
		824937D61DDC012600ACACBD /* UIBarButtonItem-Extension.swift in Sources */ = {isa = PBXBuildFile; fileRef = 824937D51DDC012600ACACBD /* UIBarButtonItem-Extension.swift */; };
		824937D81DDC0A5C00ACACBD /* PageTitleView.swift in Sources */ = {isa = PBXBuildFile; fileRef = 824937D71DDC0A5C00ACACBD /* PageTitleView.swift */; };
		824937DA1DDC0BD400ACACBD /* Common.swift in Sources */ = {isa = PBXBuildFile; fileRef = 824937D91DDC0BD400ACACBD /* Common.swift */; };
		8264500B1DDB0337005CEE0F /* AppDelegate.swift in Sources */ = {isa = PBXBuildFile; fileRef = 8264500A1DDB0337005CEE0F /* AppDelegate.swift */; };
		826450101DDB0337005CEE0F /* Main.storyboard in Resources */ = {isa = PBXBuildFile; fileRef = 8264500E1DDB0337005CEE0F /* Main.storyboard */; };
		826450121DDB0337005CEE0F /* Assets.xcassets in Resources */ = {isa = PBXBuildFile; fileRef = 826450111DDB0337005CEE0F /* Assets.xcassets */; };
		826450151DDB0337005CEE0F /* LaunchScreen.storyboard in Resources */ = {isa = PBXBuildFile; fileRef = 826450131DDB0337005CEE0F /* LaunchScreen.storyboard */; };
		826450201DDB0337005CEE0F /* DYZBTests.swift in Sources */ = {isa = PBXBuildFile; fileRef = 8264501F1DDB0337005CEE0F /* DYZBTests.swift */; };
		8264502B1DDB0337005CEE0F /* DYZBUITests.swift in Sources */ = {isa = PBXBuildFile; fileRef = 8264502A1DDB0337005CEE0F /* DYZBUITests.swift */; };
/* End PBXBuildFile section */

/* Begin PBXContainerItemProxy section */
		8264501C1DDB0337005CEE0F /* PBXContainerItemProxy */ = {
			isa = PBXContainerItemProxy;
			containerPortal = 82644FFF1DDB0337005CEE0F /* Project object */;
			proxyType = 1;
			remoteGlobalIDString = 826450061DDB0337005CEE0F;
			remoteInfo = DYZB;
		};
		826450271DDB0337005CEE0F /* PBXContainerItemProxy */ = {
			isa = PBXContainerItemProxy;
			containerPortal = 82644FFF1DDB0337005CEE0F /* Project object */;
			proxyType = 1;
			remoteGlobalIDString = 826450061DDB0337005CEE0F;
			remoteInfo = DYZB;
		};
/* End PBXContainerItemProxy section */

/* Begin PBXFileReference section */
		824937B41DDBF42C00ACACBD /* Base */ = {isa = PBXFileReference; lastKnownFileType = file.storyboard; name = Base; path = DYZB/Base.lproj/Home.storyboard; sourceTree = SOURCE_ROOT; };
		824937B71DDBF4AB00ACACBD /* Base */ = {isa = PBXFileReference; lastKnownFileType = file.storyboard; name = Base; path = DYZB/Base.lproj/Live.storyboard; sourceTree = SOURCE_ROOT; };
		824937BA1DDBF4ED00ACACBD /* Base */ = {isa = PBXFileReference; lastKnownFileType = file.storyboard; name = Base; path = DYZB/Base.lproj/Follow.storyboard; sourceTree = SOURCE_ROOT; };
		824937BD1DDBF50A00ACACBD /* Base */ = {isa = PBXFileReference; lastKnownFileType = file.storyboard; name = Base; path = DYZB/Base.lproj/Profile.storyboard; sourceTree = SOURCE_ROOT; };
		824937D01DDBFA7600ACACBD /* MainViewController.swift */ = {isa = PBXFileReference; fileEncoding = 4; lastKnownFileType = sourcecode.swift; path = MainViewController.swift; sourceTree = "<group>"; };
		824937D21DDBFAB400ACACBD /* HomeViewController.swift */ = {isa = PBXFileReference; fileEncoding = 4; lastKnownFileType = sourcecode.swift; path = HomeViewController.swift; sourceTree = "<group>"; };
		824937D51DDC012600ACACBD /* UIBarButtonItem-Extension.swift */ = {isa = PBXFileReference; fileEncoding = 4; lastKnownFileType = sourcecode.swift; path = "UIBarButtonItem-Extension.swift"; sourceTree = "<group>"; };
		824937D71DDC0A5C00ACACBD /* PageTitleView.swift */ = {isa = PBXFileReference; fileEncoding = 4; lastKnownFileType = sourcecode.swift; path = PageTitleView.swift; sourceTree = "<group>"; };
		824937D91DDC0BD400ACACBD /* Common.swift */ = {isa = PBXFileReference; fileEncoding = 4; lastKnownFileType = sourcecode.swift; path = Common.swift; sourceTree = "<group>"; };
		826450071DDB0337005CEE0F /* DYZB.app */ = {isa = PBXFileReference; explicitFileType = wrapper.application; includeInIndex = 0; path = DYZB.app; sourceTree = BUILT_PRODUCTS_DIR; };
		8264500A1DDB0337005CEE0F /* AppDelegate.swift */ = {isa = PBXFileReference; lastKnownFileType = sourcecode.swift; path = AppDelegate.swift; sourceTree = "<group>"; };
		8264500F1DDB0337005CEE0F /* Base */ = {isa = PBXFileReference; lastKnownFileType = file.storyboard; name = Base; path = Base.lproj/Main.storyboard; sourceTree = "<group>"; };
		826450111DDB0337005CEE0F /* Assets.xcassets */ = {isa = PBXFileReference; lastKnownFileType = folder.assetcatalog; path = Assets.xcassets; sourceTree = "<group>"; };
		826450141DDB0337005CEE0F /* Base */ = {isa = PBXFileReference; lastKnownFileType = file.storyboard; name = Base; path = Base.lproj/LaunchScreen.storyboard; sourceTree = "<group>"; };
		826450161DDB0337005CEE0F /* Info.plist */ = {isa = PBXFileReference; lastKnownFileType = text.plist.xml; path = Info.plist; sourceTree = "<group>"; };
		8264501B1DDB0337005CEE0F /* DYZBTests.xctest */ = {isa = PBXFileReference; explicitFileType = wrapper.cfbundle; includeInIndex = 0; path = DYZBTests.xctest; sourceTree = BUILT_PRODUCTS_DIR; };
		8264501F1DDB0337005CEE0F /* DYZBTests.swift */ = {isa = PBXFileReference; lastKnownFileType = sourcecode.swift; path = DYZBTests.swift; sourceTree = "<group>"; };
		826450211DDB0337005CEE0F /* Info.plist */ = {isa = PBXFileReference; lastKnownFileType = text.plist.xml; path = Info.plist; sourceTree = "<group>"; };
		826450261DDB0337005CEE0F /* DYZBUITests.xctest */ = {isa = PBXFileReference; explicitFileType = wrapper.cfbundle; includeInIndex = 0; path = DYZBUITests.xctest; sourceTree = BUILT_PRODUCTS_DIR; };
		8264502A1DDB0337005CEE0F /* DYZBUITests.swift */ = {isa = PBXFileReference; lastKnownFileType = sourcecode.swift; path = DYZBUITests.swift; sourceTree = "<group>"; };
		8264502C1DDB0337005CEE0F /* Info.plist */ = {isa = PBXFileReference; lastKnownFileType = text.plist.xml; path = Info.plist; sourceTree = "<group>"; };
/* End PBXFileReference section */

/* Begin PBXFrameworksBuildPhase section */
		826450041DDB0337005CEE0F /* Frameworks */ = {
			isa = PBXFrameworksBuildPhase;
			buildActionMask = 2147483647;
			files = (
			);
			runOnlyForDeploymentPostprocessing = 0;
		};
		826450181DDB0337005CEE0F /* Frameworks */ = {
			isa = PBXFrameworksBuildPhase;
			buildActionMask = 2147483647;
			files = (
			);
			runOnlyForDeploymentPostprocessing = 0;
		};
		826450231DDB0337005CEE0F /* Frameworks */ = {
			isa = PBXFrameworksBuildPhase;
			buildActionMask = 2147483647;
			files = (
			);
			runOnlyForDeploymentPostprocessing = 0;
		};
/* End PBXFrameworksBuildPhase section */

/* Begin PBXGroup section */
		824937C11DDBF9AC00ACACBD /* Controller */ = {
			isa = PBXGroup;
			children = (
				824937B31DDBF42C00ACACBD /* Home.storyboard */,
				824937D21DDBFAB400ACACBD /* HomeViewController.swift */,
			);
			path = Controller;
			sourceTree = "<group>";
		};
		824937C21DDBF9AC00ACACBD /* Model */ = {
			isa = PBXGroup;
			children = (
			);
			path = Model;
			sourceTree = "<group>";
		};
		824937C31DDBF9AC00ACACBD /* View */ = {
			isa = PBXGroup;
			children = (
			);
			path = View;
			sourceTree = "<group>";
		};
		824937C41DDBF9D200ACACBD /* Controller */ = {
			isa = PBXGroup;
			children = (
				8264500E1DDB0337005CEE0F /* Main.storyboard */,
				824937D01DDBFA7600ACACBD /* MainViewController.swift */,
			);
			path = Controller;
			sourceTree = "<group>";
		};
		824937C51DDBF9D200ACACBD /* Model */ = {
			isa = PBXGroup;
			children = (
			);
			path = Model;
			sourceTree = "<group>";
		};
		824937C61DDBF9D200ACACBD /* View */ = {
			isa = PBXGroup;
			children = (
				824937D71DDC0A5C00ACACBD /* PageTitleView.swift */,
			);
			path = View;
			sourceTree = "<group>";
		};
		824937C71DDBFA0500ACACBD /* Controller */ = {
			isa = PBXGroup;
			children = (
			);
			path = Controller;
			sourceTree = "<group>";
		};
		824937C81DDBFA0500ACACBD /* Model */ = {
			isa = PBXGroup;
			children = (
			);
			path = Model;
			sourceTree = "<group>";
		};
		824937C91DDBFA0500ACACBD /* View */ = {
			isa = PBXGroup;
			children = (
			);
			path = View;
			sourceTree = "<group>";
		};
		824937CA1DDBFA2800ACACBD /* Controller */ = {
			isa = PBXGroup;
			children = (
			);
			path = Controller;
			sourceTree = "<group>";
		};
		824937CB1DDBFA2800ACACBD /* Model */ = {
			isa = PBXGroup;
			children = (
			);
			path = Model;
			sourceTree = "<group>";
		};
		824937CC1DDBFA2800ACACBD /* View */ = {
			isa = PBXGroup;
			children = (
			);
			path = View;
			sourceTree = "<group>";
		};
		824937CD1DDBFA3000ACACBD /* Controller */ = {
			isa = PBXGroup;
			children = (
			);
			path = Controller;
			sourceTree = "<group>";
		};
		824937CE1DDBFA3000ACACBD /* Model */ = {
			isa = PBXGroup;
			children = (
			);
			path = Model;
			sourceTree = "<group>";
		};
		824937CF1DDBFA3000ACACBD /* View */ = {
			isa = PBXGroup;
			children = (
			);
			path = View;
			sourceTree = "<group>";
		};
		824937D41DDC00E300ACACBD /* Extension */ = {
			isa = PBXGroup;
			children = (
				824937D51DDC012600ACACBD /* UIBarButtonItem-Extension.swift */,
			);
			path = Extension;
			sourceTree = "<group>";
		};
		82644FFE1DDB0337005CEE0F = {
			isa = PBXGroup;
			children = (
				826450091DDB0337005CEE0F /* DYZB */,
				8264501E1DDB0337005CEE0F /* DYZBTests */,
				826450291DDB0337005CEE0F /* DYZBUITests */,
				826450081DDB0337005CEE0F /* Products */,
			);
			sourceTree = "<group>";
		};
		826450081DDB0337005CEE0F /* Products */ = {
			isa = PBXGroup;
			children = (
				826450071DDB0337005CEE0F /* DYZB.app */,
				8264501B1DDB0337005CEE0F /* DYZBTests.xctest */,
				826450261DDB0337005CEE0F /* DYZBUITests.xctest */,
			);
			name = Products;
			sourceTree = "<group>";
		};
		826450091DDB0337005CEE0F /* DYZB */ = {
			isa = PBXGroup;
			children = (
				8264503E1DDB0CBB005CEE0F /* Classes */,
				8264500A1DDB0337005CEE0F /* AppDelegate.swift */,
				826450111DDB0337005CEE0F /* Assets.xcassets */,
				826450131DDB0337005CEE0F /* LaunchScreen.storyboard */,
				826450161DDB0337005CEE0F /* Info.plist */,
			);
			path = DYZB;
			sourceTree = "<group>";
		};
		8264501E1DDB0337005CEE0F /* DYZBTests */ = {
			isa = PBXGroup;
			children = (
				8264501F1DDB0337005CEE0F /* DYZBTests.swift */,
				826450211DDB0337005CEE0F /* Info.plist */,
			);
			path = DYZBTests;
			sourceTree = "<group>";
		};
		826450291DDB0337005CEE0F /* DYZBUITests */ = {
			isa = PBXGroup;
			children = (
				8264502A1DDB0337005CEE0F /* DYZBUITests.swift */,
				8264502C1DDB0337005CEE0F /* Info.plist */,
			);
			path = DYZBUITests;
			sourceTree = "<group>";
		};
		8264503E1DDB0CBB005CEE0F /* Classes */ = {
			isa = PBXGroup;
			children = (
				826450421DDB0CBB005CEE0F /* Main */,
				826450401DDB0CBB005CEE0F /* Home */,
				826450411DDB0CBB005CEE0F /* Live */,
				8264503F1DDB0CBB005CEE0F /* Follow */,
				826450431DDB0CBB005CEE0F /* Profile */,
				826450441DDB0CBB005CEE0F /* Tools */,
			);
			path = Classes;
			sourceTree = "<group>";
		};
		8264503F1DDB0CBB005CEE0F /* Follow */ = {
			isa = PBXGroup;
			children = (
				824937CD1DDBFA3000ACACBD /* Controller */,
				824937CE1DDBFA3000ACACBD /* Model */,
				824937CF1DDBFA3000ACACBD /* View */,
				824937B91DDBF4ED00ACACBD /* Follow.storyboard */,
			);
			path = Follow;
			sourceTree = "<group>";
		};
		826450401DDB0CBB005CEE0F /* Home */ = {
			isa = PBXGroup;
			children = (
				824937C21DDBF9AC00ACACBD /* Model */,
				824937C31DDBF9AC00ACACBD /* View */,
				824937C11DDBF9AC00ACACBD /* Controller */,
			);
			path = Home;
			sourceTree = "<group>";
		};
		826450411DDB0CBB005CEE0F /* Live */ = {
			isa = PBXGroup;
			children = (
				824937C71DDBFA0500ACACBD /* Controller */,
				824937C81DDBFA0500ACACBD /* Model */,
				824937C91DDBFA0500ACACBD /* View */,
				824937B61DDBF4AB00ACACBD /* Live.storyboard */,
			);
			path = Live;
			sourceTree = "<group>";
		};
		826450421DDB0CBB005CEE0F /* Main */ = {
			isa = PBXGroup;
			children = (
				824937C51DDBF9D200ACACBD /* Model */,
				824937C41DDBF9D200ACACBD /* Controller */,
				824937C61DDBF9D200ACACBD /* View */,
			);
			path = Main;
			sourceTree = "<group>";
		};
		826450431DDB0CBB005CEE0F /* Profile */ = {
			isa = PBXGroup;
			children = (
				824937CA1DDBFA2800ACACBD /* Controller */,
				824937CB1DDBFA2800ACACBD /* Model */,
				824937CC1DDBFA2800ACACBD /* View */,
				824937BC1DDBF50A00ACACBD /* Profile.storyboard */,
			);
			path = Profile;
			sourceTree = "<group>";
		};
		826450441DDB0CBB005CEE0F /* Tools */ = {
			isa = PBXGroup;
			children = (
				824937D41DDC00E300ACACBD /* Extension */,
				824937D91DDC0BD400ACACBD /* Common.swift */,
			);
			path = Tools;
			sourceTree = "<group>";
		};
/* End PBXGroup section */

/* Begin PBXNativeTarget section */
		826450061DDB0337005CEE0F /* DYZB */ = {
			isa = PBXNativeTarget;
			buildConfigurationList = 8264502F1DDB0337005CEE0F /* Build configuration list for PBXNativeTarget "DYZB" */;
			buildPhases = (
				826450031DDB0337005CEE0F /* Sources */,
				826450041DDB0337005CEE0F /* Frameworks */,
				826450051DDB0337005CEE0F /* Resources */,
			);
			buildRules = (
			);
			dependencies = (
			);
			name = DYZB;
			productName = DYZB;
			productReference = 826450071DDB0337005CEE0F /* DYZB.app */;
			productType = "com.apple.product-type.application";
		};
		8264501A1DDB0337005CEE0F /* DYZBTests */ = {
			isa = PBXNativeTarget;
			buildConfigurationList = 826450321DDB0337005CEE0F /* Build configuration list for PBXNativeTarget "DYZBTests" */;
			buildPhases = (
				826450171DDB0337005CEE0F /* Sources */,
				826450181DDB0337005CEE0F /* Frameworks */,
				826450191DDB0337005CEE0F /* Resources */,
			);
			buildRules = (
			);
			dependencies = (
				8264501D1DDB0337005CEE0F /* PBXTargetDependency */,
			);
			name = DYZBTests;
			productName = DYZBTests;
			productReference = 8264501B1DDB0337005CEE0F /* DYZBTests.xctest */;
			productType = "com.apple.product-type.bundle.unit-test";
		};
		826450251DDB0337005CEE0F /* DYZBUITests */ = {
			isa = PBXNativeTarget;
			buildConfigurationList = 826450351DDB0337005CEE0F /* Build configuration list for PBXNativeTarget "DYZBUITests" */;
			buildPhases = (
				826450221DDB0337005CEE0F /* Sources */,
				826450231DDB0337005CEE0F /* Frameworks */,
				826450241DDB0337005CEE0F /* Resources */,
			);
			buildRules = (
			);
			dependencies = (
				826450281DDB0337005CEE0F /* PBXTargetDependency */,
			);
			name = DYZBUITests;
			productName = DYZBUITests;
			productReference = 826450261DDB0337005CEE0F /* DYZBUITests.xctest */;
			productType = "com.apple.product-type.bundle.ui-testing";
		};
/* End PBXNativeTarget section */

/* Begin PBXProject section */
		82644FFF1DDB0337005CEE0F /* Project object */ = {
			isa = PBXProject;
			attributes = {
				LastSwiftUpdateCheck = 0810;
				LastUpgradeCheck = 0810;
				ORGANIZATIONNAME = DM;
				TargetAttributes = {
					826450061DDB0337005CEE0F = {
						CreatedOnToolsVersion = 8.1;
						DevelopmentTeam = ED4DC52K7N;
						ProvisioningStyle = Automatic;
					};
					8264501A1DDB0337005CEE0F = {
						CreatedOnToolsVersion = 8.1;
						DevelopmentTeam = ED4DC52K7N;
						ProvisioningStyle = Automatic;
						TestTargetID = 826450061DDB0337005CEE0F;
					};
					826450251DDB0337005CEE0F = {
						CreatedOnToolsVersion = 8.1;
						DevelopmentTeam = ED4DC52K7N;
						ProvisioningStyle = Automatic;
						TestTargetID = 826450061DDB0337005CEE0F;
					};
				};
			};
			buildConfigurationList = 826450021DDB0337005CEE0F /* Build configuration list for PBXProject "DYZB" */;
			compatibilityVersion = "Xcode 3.2";
			developmentRegion = English;
			hasScannedForEncodings = 0;
			knownRegions = (
				en,
				Base,
			);
			mainGroup = 82644FFE1DDB0337005CEE0F;
			productRefGroup = 826450081DDB0337005CEE0F /* Products */;
			projectDirPath = "";
			projectRoot = "";
			targets = (
				826450061DDB0337005CEE0F /* DYZB */,
				8264501A1DDB0337005CEE0F /* DYZBTests */,
				826450251DDB0337005CEE0F /* DYZBUITests */,
			);
		};
/* End PBXProject section */

/* Begin PBXResourcesBuildPhase section */
		826450051DDB0337005CEE0F /* Resources */ = {
			isa = PBXResourcesBuildPhase;
			buildActionMask = 2147483647;
			files = (
				826450151DDB0337005CEE0F /* LaunchScreen.storyboard in Resources */,
				826450121DDB0337005CEE0F /* Assets.xcassets in Resources */,
				826450101DDB0337005CEE0F /* Main.storyboard in Resources */,
				824937B81DDBF4AB00ACACBD /* Live.storyboard in Resources */,
				824937B51DDBF42C00ACACBD /* Home.storyboard in Resources */,
				824937BE1DDBF50A00ACACBD /* Profile.storyboard in Resources */,
				824937BB1DDBF4ED00ACACBD /* Follow.storyboard in Resources */,
			);
			runOnlyForDeploymentPostprocessing = 0;
		};
		826450191DDB0337005CEE0F /* Resources */ = {
			isa = PBXResourcesBuildPhase;
			buildActionMask = 2147483647;
			files = (
			);
			runOnlyForDeploymentPostprocessing = 0;
		};
		826450241DDB0337005CEE0F /* Resources */ = {
			isa = PBXResourcesBuildPhase;
			buildActionMask = 2147483647;
			files = (
			);
			runOnlyForDeploymentPostprocessing = 0;
		};
/* End PBXResourcesBuildPhase section */

/* Begin PBXSourcesBuildPhase section */
		826450031DDB0337005CEE0F /* Sources */ = {
			isa = PBXSourcesBuildPhase;
			buildActionMask = 2147483647;
			files = (
				8264500B1DDB0337005CEE0F /* AppDelegate.swift in Sources */,
				824937D11DDBFA7600ACACBD /* MainViewController.swift in Sources */,
				824937D81DDC0A5C00ACACBD /* PageTitleView.swift in Sources */,
				824937D61DDC012600ACACBD /* UIBarButtonItem-Extension.swift in Sources */,
				824937DA1DDC0BD400ACACBD /* Common.swift in Sources */,
				824937D31DDBFAB400ACACBD /* HomeViewController.swift in Sources */,
			);
			runOnlyForDeploymentPostprocessing = 0;
		};
		826450171DDB0337005CEE0F /* Sources */ = {
			isa = PBXSourcesBuildPhase;
			buildActionMask = 2147483647;
			files = (
				826450201DDB0337005CEE0F /* DYZBTests.swift in Sources */,
			);
			runOnlyForDeploymentPostprocessing = 0;
		};
		826450221DDB0337005CEE0F /* Sources */ = {
			isa = PBXSourcesBuildPhase;
			buildActionMask = 2147483647;
			files = (
				8264502B1DDB0337005CEE0F /* DYZBUITests.swift in Sources */,
			);
			runOnlyForDeploymentPostprocessing = 0;
		};
/* End PBXSourcesBuildPhase section */

/* Begin PBXTargetDependency section */
		8264501D1DDB0337005CEE0F /* PBXTargetDependency */ = {
			isa = PBXTargetDependency;
			target = 826450061DDB0337005CEE0F /* DYZB */;
			targetProxy = 8264501C1DDB0337005CEE0F /* PBXContainerItemProxy */;
		};
		826450281DDB0337005CEE0F /* PBXTargetDependency */ = {
			isa = PBXTargetDependency;
			target = 826450061DDB0337005CEE0F /* DYZB */;
			targetProxy = 826450271DDB0337005CEE0F /* PBXContainerItemProxy */;
		};
/* End PBXTargetDependency section */

/* Begin PBXVariantGroup section */
		824937B31DDBF42C00ACACBD /* Home.storyboard */ = {
			isa = PBXVariantGroup;
			children = (
				824937B41DDBF42C00ACACBD /* Base */,
			);
			name = Home.storyboard;
			path = ../../Main;
			sourceTree = "<group>";
		};
		824937B61DDBF4AB00ACACBD /* Live.storyboard */ = {
			isa = PBXVariantGroup;
			children = (
				824937B71DDBF4AB00ACACBD /* Base */,
			);
			name = Live.storyboard;
			path = ../Main;
			sourceTree = "<group>";
		};
		824937B91DDBF4ED00ACACBD /* Follow.storyboard */ = {
			isa = PBXVariantGroup;
			children = (
				824937BA1DDBF4ED00ACACBD /* Base */,
			);
			name = Follow.storyboard;
			path = ../Main;
			sourceTree = "<group>";
		};
		824937BC1DDBF50A00ACACBD /* Profile.storyboard */ = {
			isa = PBXVariantGroup;
			children = (
				824937BD1DDBF50A00ACACBD /* Base */,
			);
			name = Profile.storyboard;
			path = ../Main;
			sourceTree = "<group>";
		};
		8264500E1DDB0337005CEE0F /* Main.storyboard */ = {
			isa = PBXVariantGroup;
			children = (
				8264500F1DDB0337005CEE0F /* Base */,
			);
			name = Main.storyboard;
			path = ../../..;
			sourceTree = "<group>";
		};
		826450131DDB0337005CEE0F /* LaunchScreen.storyboard */ = {
			isa = PBXVariantGroup;
			children = (
				826450141DDB0337005CEE0F /* Base */,
			);
			name = LaunchScreen.storyboard;
			sourceTree = "<group>";
		};
/* End PBXVariantGroup section */

/* Begin XCBuildConfiguration section */
		8264502D1DDB0337005CEE0F /* Debug */ = {
			isa = XCBuildConfiguration;
			buildSettings = {
				ALWAYS_SEARCH_USER_PATHS = NO;
				CLANG_ANALYZER_NONNULL = YES;
				CLANG_CXX_LANGUAGE_STANDARD = "gnu++0x";
				CLANG_CXX_LIBRARY = "libc++";
				CLANG_ENABLE_MODULES = YES;
				CLANG_ENABLE_OBJC_ARC = YES;
				CLANG_WARN_BOOL_CONVERSION = YES;
				CLANG_WARN_CONSTANT_CONVERSION = YES;
				CLANG_WARN_DIRECT_OBJC_ISA_USAGE = YES_ERROR;
				CLANG_WARN_DOCUMENTATION_COMMENTS = YES;
				CLANG_WARN_EMPTY_BODY = YES;
				CLANG_WARN_ENUM_CONVERSION = YES;
				CLANG_WARN_INFINITE_RECURSION = YES;
				CLANG_WARN_INT_CONVERSION = YES;
				CLANG_WARN_OBJC_ROOT_CLASS = YES_ERROR;
				CLANG_WARN_SUSPICIOUS_MOVES = YES;
				CLANG_WARN_UNREACHABLE_CODE = YES;
				CLANG_WARN__DUPLICATE_METHOD_MATCH = YES;
				"CODE_SIGN_IDENTITY[sdk=iphoneos*]" = "iPhone Developer";
				COPY_PHASE_STRIP = NO;
				DEBUG_INFORMATION_FORMAT = dwarf;
				ENABLE_STRICT_OBJC_MSGSEND = YES;
				ENABLE_TESTABILITY = YES;
				GCC_C_LANGUAGE_STANDARD = gnu99;
				GCC_DYNAMIC_NO_PIC = NO;
				GCC_NO_COMMON_BLOCKS = YES;
				GCC_OPTIMIZATION_LEVEL = 0;
				GCC_PREPROCESSOR_DEFINITIONS = (
					"DEBUG=1",
					"$(inherited)",
				);
				GCC_WARN_64_TO_32_BIT_CONVERSION = YES;
				GCC_WARN_ABOUT_RETURN_TYPE = YES_ERROR;
				GCC_WARN_UNDECLARED_SELECTOR = YES;
				GCC_WARN_UNINITIALIZED_AUTOS = YES_AGGRESSIVE;
				GCC_WARN_UNUSED_FUNCTION = YES;
				GCC_WARN_UNUSED_VARIABLE = YES;
				IPHONEOS_DEPLOYMENT_TARGET = 10.1;
				MTL_ENABLE_DEBUG_INFO = YES;
				ONLY_ACTIVE_ARCH = YES;
				SDKROOT = iphoneos;
				SWIFT_ACTIVE_COMPILATION_CONDITIONS = DEBUG;
				SWIFT_OPTIMIZATION_LEVEL = "-Onone";
				TARGETED_DEVICE_FAMILY = "1,2";
			};
			name = Debug;
		};
		8264502E1DDB0337005CEE0F /* Release */ = {
			isa = XCBuildConfiguration;
			buildSettings = {
				ALWAYS_SEARCH_USER_PATHS = NO;
				CLANG_ANALYZER_NONNULL = YES;
				CLANG_CXX_LANGUAGE_STANDARD = "gnu++0x";
				CLANG_CXX_LIBRARY = "libc++";
				CLANG_ENABLE_MODULES = YES;
				CLANG_ENABLE_OBJC_ARC = YES;
				CLANG_WARN_BOOL_CONVERSION = YES;
				CLANG_WARN_CONSTANT_CONVERSION = YES;
				CLANG_WARN_DIRECT_OBJC_ISA_USAGE = YES_ERROR;
				CLANG_WARN_DOCUMENTATION_COMMENTS = YES;
				CLANG_WARN_EMPTY_BODY = YES;
				CLANG_WARN_ENUM_CONVERSION = YES;
				CLANG_WARN_INFINITE_RECURSION = YES;
				CLANG_WARN_INT_CONVERSION = YES;
				CLANG_WARN_OBJC_ROOT_CLASS = YES_ERROR;
				CLANG_WARN_SUSPICIOUS_MOVES = YES;
				CLANG_WARN_UNREACHABLE_CODE = YES;
				CLANG_WARN__DUPLICATE_METHOD_MATCH = YES;
				"CODE_SIGN_IDENTITY[sdk=iphoneos*]" = "iPhone Developer";
				COPY_PHASE_STRIP = NO;
				DEBUG_INFORMATION_FORMAT = "dwarf-with-dsym";
				ENABLE_NS_ASSERTIONS = NO;
				ENABLE_STRICT_OBJC_MSGSEND = YES;
				GCC_C_LANGUAGE_STANDARD = gnu99;
				GCC_NO_COMMON_BLOCKS = YES;
				GCC_WARN_64_TO_32_BIT_CONVERSION = YES;
				GCC_WARN_ABOUT_RETURN_TYPE = YES_ERROR;
				GCC_WARN_UNDECLARED_SELECTOR = YES;
				GCC_WARN_UNINITIALIZED_AUTOS = YES_AGGRESSIVE;
				GCC_WARN_UNUSED_FUNCTION = YES;
				GCC_WARN_UNUSED_VARIABLE = YES;
				IPHONEOS_DEPLOYMENT_TARGET = 10.1;
				MTL_ENABLE_DEBUG_INFO = NO;
				SDKROOT = iphoneos;
				SWIFT_OPTIMIZATION_LEVEL = "-Owholemodule";
				TARGETED_DEVICE_FAMILY = "1,2";
				VALIDATE_PRODUCT = YES;
			};
			name = Release;
		};
		826450301DDB0337005CEE0F /* Debug */ = {
			isa = XCBuildConfiguration;
			buildSettings = {
				ASSETCATALOG_COMPILER_APPICON_NAME = AppIcon;
				ASSETCATALOG_COMPILER_LAUNCHIMAGE_NAME = LaunchImage;
				DEVELOPMENT_TEAM = ED4DC52K7N;
				INFOPLIST_FILE = DYZB/Info.plist;
				IPHONEOS_DEPLOYMENT_TARGET = 8.0;
				LD_RUNPATH_SEARCH_PATHS = "$(inherited) @executable_path/Frameworks";
				PRODUCT_BUNDLE_IDENTIFIER = com.DM.DYZB;
				PRODUCT_NAME = "$(TARGET_NAME)";
				SWIFT_VERSION = 3.0;
			};
			name = Debug;
		};
		826450311DDB0337005CEE0F /* Release */ = {
			isa = XCBuildConfiguration;
			buildSettings = {
				ASSETCATALOG_COMPILER_APPICON_NAME = AppIcon;
				ASSETCATALOG_COMPILER_LAUNCHIMAGE_NAME = LaunchImage;
				DEVELOPMENT_TEAM = ED4DC52K7N;
				INFOPLIST_FILE = DYZB/Info.plist;
				IPHONEOS_DEPLOYMENT_TARGET = 8.0;
				LD_RUNPATH_SEARCH_PATHS = "$(inherited) @executable_path/Frameworks";
				PRODUCT_BUNDLE_IDENTIFIER = com.DM.DYZB;
				PRODUCT_NAME = "$(TARGET_NAME)";
				SWIFT_VERSION = 3.0;
			};
			name = Release;
		};
		826450331DDB0337005CEE0F /* Debug */ = {
			isa = XCBuildConfiguration;
			buildSettings = {
				ALWAYS_EMBED_SWIFT_STANDARD_LIBRARIES = YES;
				BUNDLE_LOADER = "$(TEST_HOST)";
				DEVELOPMENT_TEAM = ED4DC52K7N;
				INFOPLIST_FILE = DYZBTests/Info.plist;
				LD_RUNPATH_SEARCH_PATHS = "$(inherited) @executable_path/Frameworks @loader_path/Frameworks";
				PRODUCT_BUNDLE_IDENTIFIER = com.DM.DYZBTests;
				PRODUCT_NAME = "$(TARGET_NAME)";
				SWIFT_VERSION = 3.0;
				TEST_HOST = "$(BUILT_PRODUCTS_DIR)/DYZB.app/DYZB";
			};
			name = Debug;
		};
		826450341DDB0337005CEE0F /* Release */ = {
			isa = XCBuildConfiguration;
			buildSettings = {
				ALWAYS_EMBED_SWIFT_STANDARD_LIBRARIES = YES;
				BUNDLE_LOADER = "$(TEST_HOST)";
				DEVELOPMENT_TEAM = ED4DC52K7N;
				INFOPLIST_FILE = DYZBTests/Info.plist;
				LD_RUNPATH_SEARCH_PATHS = "$(inherited) @executable_path/Frameworks @loader_path/Frameworks";
				PRODUCT_BUNDLE_IDENTIFIER = com.DM.DYZBTests;
				PRODUCT_NAME = "$(TARGET_NAME)";
				SWIFT_VERSION = 3.0;
				TEST_HOST = "$(BUILT_PRODUCTS_DIR)/DYZB.app/DYZB";
			};
			name = Release;
		};
		826450361DDB0337005CEE0F /* Debug */ = {
			isa = XCBuildConfiguration;
			buildSettings = {
				ALWAYS_EMBED_SWIFT_STANDARD_LIBRARIES = YES;
				DEVELOPMENT_TEAM = ED4DC52K7N;
				INFOPLIST_FILE = DYZBUITests/Info.plist;
				LD_RUNPATH_SEARCH_PATHS = "$(inherited) @executable_path/Frameworks @loader_path/Frameworks";
				PRODUCT_BUNDLE_IDENTIFIER = com.DM.DYZBUITests;
				PRODUCT_NAME = "$(TARGET_NAME)";
				SWIFT_VERSION = 3.0;
				TEST_TARGET_NAME = DYZB;
			};
			name = Debug;
		};
		826450371DDB0337005CEE0F /* Release */ = {
			isa = XCBuildConfiguration;
			buildSettings = {
				ALWAYS_EMBED_SWIFT_STANDARD_LIBRARIES = YES;
				DEVELOPMENT_TEAM = ED4DC52K7N;
				INFOPLIST_FILE = DYZBUITests/Info.plist;
				LD_RUNPATH_SEARCH_PATHS = "$(inherited) @executable_path/Frameworks @loader_path/Frameworks";
				PRODUCT_BUNDLE_IDENTIFIER = com.DM.DYZBUITests;
				PRODUCT_NAME = "$(TARGET_NAME)";
				SWIFT_VERSION = 3.0;
				TEST_TARGET_NAME = DYZB;
			};
			name = Release;
		};
/* End XCBuildConfiguration section */

/* Begin XCConfigurationList section */
		826450021DDB0337005CEE0F /* Build configuration list for PBXProject "DYZB" */ = {
			isa = XCConfigurationList;
			buildConfigurations = (
				8264502D1DDB0337005CEE0F /* Debug */,
				8264502E1DDB0337005CEE0F /* Release */,
			);
			defaultConfigurationIsVisible = 0;
			defaultConfigurationName = Release;
		};
		8264502F1DDB0337005CEE0F /* Build configuration list for PBXNativeTarget "DYZB" */ = {
			isa = XCConfigurationList;
			buildConfigurations = (
				826450301DDB0337005CEE0F /* Debug */,
				826450311DDB0337005CEE0F /* Release */,
			);
			defaultConfigurationIsVisible = 0;
			defaultConfigurationName = Release;
		};
		826450321DDB0337005CEE0F /* Build configuration list for PBXNativeTarget "DYZBTests" */ = {
			isa = XCConfigurationList;
			buildConfigurations = (
				826450331DDB0337005CEE0F /* Debug */,
				826450341DDB0337005CEE0F /* Release */,
			);
			defaultConfigurationIsVisible = 0;
			defaultConfigurationName = Release;
		};
		826450351DDB0337005CEE0F /* Build configuration list for PBXNativeTarget "DYZBUITests" */ = {
			isa = XCConfigurationList;
			buildConfigurations = (
				826450361DDB0337005CEE0F /* Debug */,
				826450371DDB0337005CEE0F /* Release */,
			);
			defaultConfigurationIsVisible = 0;
			defaultConfigurationName = Release;
		};
/* End XCConfigurationList section */
	};
	rootObject = 82644FFF1DDB0337005CEE0F /* Project object */;
}
